
Microsoft Visual Studio Solution File, Format Version 12.00
# Visual Studio Version 17
VisualStudioVersion = 17.1.32328.378
MinimumVisualStudioVersion = 10.0.40219.1
Project("{FAE04EC0-301F-11D3-BF4B-00C04F79EFBC}") = "ConsoleApp", "ConsoleApp\ConsoleApp.csproj", "{C67D06A2-03CE-47E0-BD98-314F800BE7A0}"
EndProject
Global
	GlobalSection(SolutionConfigurationPlatforms) = preSolution
		Debug|Any CPU = Debug|Any CPU
		Release|Any CPU = Release|Any CPU
	EndGlobalSection
	GlobalSection(ProjectConfigurationPlatforms) = postSolution
		{C67D06A2-03CE-47E0-BD98-314F800BE7A0}.Debug|Any CPU.ActiveCfg = Debug|Any CPU
		{C67D06A2-03CE-47E0-BD98-314F800BE7A0}.Debug|Any CPU.Build.0 = Debug|Any CPU
		{C67D06A2-03CE-47E0-BD98-314F800BE7A0}.Release|Any CPU.ActiveCfg = Release|Any CPU
		{C67D06A2-03CE-47E0-BD98-314F800BE7A0}.Release|Any CPU.Build.0 = Release|Any CPU
	EndGlobalSection
	GlobalSection(SolutionProperties) = preSolution
		HideSolutionNode = FALSE
	EndGlobalSection
	GlobalSection(ExtensibilityGlobals) = postSolution
		SolutionGuid = {2C320B6A-EF36-4FAF-96FA-65DF78150ABE}
	EndGlobalSection
EndGlobal
